
Microsoft Visual Studio Solution File, Format Version 12.00
# Visual Studio Version 17
VisualStudioVersion = 17.8.34316.72
MinimumVisualStudioVersion = 10.0.40219.1
Project("{FAE04EC0-301F-11D3-BF4B-00C04F79EFBC}") = "CheckerUI", "CheckerUI\CheckerUI.csproj", "{50AFEA9C-2175-4A24-B203-FC758AD967CF}"
EndProject
Project("{9A19103F-16F7-4668-BE54-9A1E7A4F7556}") = "CheckerLibrary", "CheckerLibrary\CheckerLibrary.csproj", "{AB75BDD5-BFC3-4CBB-B5E6-6218053B90AD}"
EndProject
Project("{2150E333-8FDC-42A3-9474-1A3956D46DE8}") = "Projektmappenelemente", "Projektmappenelemente", "{69524DDB-E094-446B-B97E-2959D866A151}"
	ProjectSection(SolutionItems) = preProject
		README.md = README.md
	EndProjectSection
EndProject
Project("{FAE04EC0-301F-11D3-BF4B-00C04F79EFBC}") = "CheckerLibraryTests", "CheckerLibraryTests\CheckerLibraryTests.csproj", "{CF6BEAD8-EB43-41C5-8AA4-9EE21FE712F4}"
EndProject
Global
	GlobalSection(SolutionConfigurationPlatforms) = preSolution
		Debug|Any CPU = Debug|Any CPU
		Release|Any CPU = Release|Any CPU
	EndGlobalSection
	GlobalSection(ProjectConfigurationPlatforms) = postSolution
		{50AFEA9C-2175-4A24-B203-FC758AD967CF}.Debug|Any CPU.ActiveCfg = Debug|Any CPU
		{50AFEA9C-2175-4A24-B203-FC758AD967CF}.Debug|Any CPU.Build.0 = Debug|Any CPU
		{50AFEA9C-2175-4A24-B203-FC758AD967CF}.Release|Any CPU.ActiveCfg = Release|Any CPU
		{50AFEA9C-2175-4A24-B203-FC758AD967CF}.Release|Any CPU.Build.0 = Release|Any CPU
		{AB75BDD5-BFC3-4CBB-B5E6-6218053B90AD}.Debug|Any CPU.ActiveCfg = Debug|Any CPU
		{AB75BDD5-BFC3-4CBB-B5E6-6218053B90AD}.Debug|Any CPU.Build.0 = Debug|Any CPU
		{AB75BDD5-BFC3-4CBB-B5E6-6218053B90AD}.Release|Any CPU.ActiveCfg = Release|Any CPU
		{AB75BDD5-BFC3-4CBB-B5E6-6218053B90AD}.Release|Any CPU.Build.0 = Release|Any CPU
		{CF6BEAD8-EB43-41C5-8AA4-9EE21FE712F4}.Debug|Any CPU.ActiveCfg = Debug|Any CPU
		{CF6BEAD8-EB43-41C5-8AA4-9EE21FE712F4}.Debug|Any CPU.Build.0 = Debug|Any CPU
		{CF6BEAD8-EB43-41C5-8AA4-9EE21FE712F4}.Release|Any CPU.ActiveCfg = Release|Any CPU
		{CF6BEAD8-EB43-41C5-8AA4-9EE21FE712F4}.Release|Any CPU.Build.0 = Release|Any CPU
	EndGlobalSection
	GlobalSection(SolutionProperties) = preSolution
		HideSolutionNode = FALSE
	EndGlobalSection
	GlobalSection(ExtensibilityGlobals) = postSolution
		SolutionGuid = {35394CA8-A243-4EFC-B724-CAEF68889E02}
	EndGlobalSection
EndGlobal
